
Microsoft Visual Studio Solution File, Format Version 12.00
Project("{FAE04EC0-301F-11D3-BF4B-00C04F79EFBC}") = "csharp-layout", "csharp-layout.csproj", "{B3282C32-D3EA-4732-A77D-3579A01F49C2}"
EndProject
Global
	GlobalSection(SolutionConfigurationPlatforms) = preSolution
		Debug|Any CPU = Debug|Any CPU
		Release|Any CPU = Release|Any CPU
	EndGlobalSection
	GlobalSection(ProjectConfigurationPlatforms) = postSolution
		{B3282C32-D3EA-4732-A77D-3579A01F49C2}.Debug|Any CPU.ActiveCfg = Debug|Any CPU
		{B3282C32-D3EA-4732-A77D-3579A01F49C2}.Debug|Any CPU.Build.0 = Debug|Any CPU
		{B3282C32-D3EA-4732-A77D-3579A01F49C2}.Release|Any CPU.ActiveCfg = Release|Any CPU
		{B3282C32-D3EA-4732-A77D-3579A01F49C2}.Release|Any CPU.Build.0 = Release|Any CPU
	EndGlobalSection
EndGlobal
